github.com/cognicraft/hyper v0.1.15 h1:oey9rUnO7zRAKzT6zH2tHMBkPMR7LuClP+hgVBfg6tU=
github.com/cognicraft/hyper v0.1.15/go.mod h1:rdypOsSfNqvVIlUj2H5ETGdQwM8MuPaL1bZd+eu1l50=
github.com/cognicraft/io v0.1.0 h1:k0/ssb1TXEZNa8pwJpTUlYbIpK23z/nOMnKgnso7asM=
github.com/cognicraft/io v0.1.0/go.mod h1:NQms0ZPqBGV8YLY0mu9gBZcBQxDb+KYWuvto07lSimg=
github.com/cognicraft/mux v0.1.0 h1:8GpxFm5vWkADMEdVRz9Q6OcES55TwBmqohjOqqT09D0=
github.com/cognicraft/mux v0.1.0/go.mod h1:1XIig/ORziu3dQUOktN4+DyvOiYzSkuHDMuUx2V8jbw=
github.com/cognicraft/pubsub v0.1.3 h1:eCZ35TY9dDfk/nSAQNSts7/5xuK5b8E38i1OLTbbcjU=
github.com/cognicraft/pubsub v0.1.3/go.mod h1:tVSYVI33eccJPxe/ykQhz9Sr8+s9asCP4Zh31mnB76Y=
github.com/cognicraft/sqlutil v0.1.0 h1:5/ph7A6VXrlPiOSbuprA9qWel61Tx59MfwmC+JN97p0=
github.com/cognicraft/sqlutil v0.1.0/go.mod h1:pI6HcWbv0csaVHST1Y2vZlW0iDxXBTE5TDQVaUzC4gU=
github.com/cognicraft/uri v0.1.0 h1:jEcf8U8K3go/KgT6UEzpmg2g2F6fzVdgkVNNWCC//E4=
github.com/cognicraft/uri v0.1.0/go.mod h1:9XFZ16Bom4ibGYnBNCWjL5szm0V3oFj35Mubk+LxpTo=
github.com/cognicraft/uuid v0.1.0 h1:0zWkOFOTYA/MATdS98tz9sAhPNH3xIwVI1Id5uzufgM=
github.com/cognicraft/uuid v0.1.0/go.mod h1:sm03FRKkAglOr3fkM+5YuD6kfWJLZ6ZpkJ2ewzwkTeE=
github.com/mattn/go-sqlite3 v1.14.8 h1:gDp86IdQsN/xWjIEmr9MF6o9mpksUgh0fu+9ByFxzIU=
github.com/mattn/go-sqlite3 v1.14.8/go.mod h1:NyWgC/yNuGj7Q9rpYnZvas74GogHl5/Z4A/KQRfk6bU=
